
Microsoft Visual Studio Solution File, Format Version 12.00
# Visual Studio Version 17
VisualStudioVersion = 17.14.36121.58
MinimumVisualStudioVersion = 10.0.40219.1
Project("{FAE04EC0-301F-11D3-BF4B-00C04F79EFBC}") = "CRUD-API-IAN", "CRUD-API-IAN.csproj", "{9E033283-087F-42B0-B57F-FD455696F67B}"
EndProject
Project("{FAE04EC0-301F-11D3-BF4B-00C04F79EFBC}") = "CRUD-API-IAN.DOMAIN", "..\..\CRUD_API_IAN\CRUD-API-IAN.DOMAIN\CRUD-API-IAN.DOMAIN.csproj", "{504995D0-6BFD-47EF-A3BF-B10EF39E4FEF}"
EndProject
Project("{FAE04EC0-301F-11D3-BF4B-00C04F79EFBC}") = "CRUD-API-IAN.Persistence", "..\..\CRUD_API_IAN\CRUD-API-IAN.Persistence\CRUD-API-IAN.Persistence.csproj", "{80B8909A-55B6-4297-90DE-C26360D90157}"
EndProject
Project("{FAE04EC0-301F-11D3-BF4B-00C04F79EFBC}") = "CRUD-API-IAN.Infraestructure", "..\..\CRUD_API_IAN\CRUD-API-IAN.Repositories\CRUD-API-IAN.Infraestructure.csproj", "{E0BA0046-B7A7-4929-AEE2-55A4F36B55C3}"
EndProject
Global
	GlobalSection(SolutionConfigurationPlatforms) = preSolution
		Debug|Any CPU = Debug|Any CPU
		Release|Any CPU = Release|Any CPU
	EndGlobalSection
	GlobalSection(ProjectConfigurationPlatforms) = postSolution
		{9E033283-087F-42B0-B57F-FD455696F67B}.Debug|Any CPU.ActiveCfg = Debug|Any CPU
		{9E033283-087F-42B0-B57F-FD455696F67B}.Debug|Any CPU.Build.0 = Debug|Any CPU
		{9E033283-087F-42B0-B57F-FD455696F67B}.Release|Any CPU.ActiveCfg = Release|Any CPU
		{9E033283-087F-42B0-B57F-FD455696F67B}.Release|Any CPU.Build.0 = Release|Any CPU
		{504995D0-6BFD-47EF-A3BF-B10EF39E4FEF}.Debug|Any CPU.ActiveCfg = Debug|Any CPU
		{504995D0-6BFD-47EF-A3BF-B10EF39E4FEF}.Debug|Any CPU.Build.0 = Debug|Any CPU
		{504995D0-6BFD-47EF-A3BF-B10EF39E4FEF}.Release|Any CPU.ActiveCfg = Release|Any CPU
		{504995D0-6BFD-47EF-A3BF-B10EF39E4FEF}.Release|Any CPU.Build.0 = Release|Any CPU
		{80B8909A-55B6-4297-90DE-C26360D90157}.Debug|Any CPU.ActiveCfg = Debug|Any CPU
		{80B8909A-55B6-4297-90DE-C26360D90157}.Debug|Any CPU.Build.0 = Debug|Any CPU
		{80B8909A-55B6-4297-90DE-C26360D90157}.Release|Any CPU.ActiveCfg = Release|Any CPU
		{80B8909A-55B6-4297-90DE-C26360D90157}.Release|Any CPU.Build.0 = Release|Any CPU
		{E0BA0046-B7A7-4929-AEE2-55A4F36B55C3}.Debug|Any CPU.ActiveCfg = Debug|Any CPU
		{E0BA0046-B7A7-4929-AEE2-55A4F36B55C3}.Debug|Any CPU.Build.0 = Debug|Any CPU
		{E0BA0046-B7A7-4929-AEE2-55A4F36B55C3}.Release|Any CPU.ActiveCfg = Release|Any CPU
		{E0BA0046-B7A7-4929-AEE2-55A4F36B55C3}.Release|Any CPU.Build.0 = Release|Any CPU
	EndGlobalSection
	GlobalSection(SolutionProperties) = preSolution
		HideSolutionNode = FALSE
	EndGlobalSection
	GlobalSection(ExtensibilityGlobals) = postSolution
		SolutionGuid = {24AF05B1-2A9D-4BB6-B317-51417267BEF2}
	EndGlobalSection
EndGlobal
